
Microsoft Visual Studio Solution File, Format Version 12.00
# Visual Studio Version 17
VisualStudioVersion = 17.1.32228.430
MinimumVisualStudioVersion = 10.0.40219.1
Project("{FAE04EC0-301F-11D3-BF4B-00C04F79EFBC}") = "GitTutorial", "GitTutorial.csproj", "{8395D94C-45F3-41FB-8731-C87E98BAD1BC}"
EndProject
Global
	GlobalSection(SolutionConfigurationPlatforms) = preSolution
		Debug|Any CPU = Debug|Any CPU
		Release|Any CPU = Release|Any CPU
	EndGlobalSection
	GlobalSection(ProjectConfigurationPlatforms) = postSolution
		{8395D94C-45F3-41FB-8731-C87E98BAD1BC}.Debug|Any CPU.ActiveCfg = Debug|Any CPU
		{8395D94C-45F3-41FB-8731-C87E98BAD1BC}.Debug|Any CPU.Build.0 = Debug|Any CPU
		{8395D94C-45F3-41FB-8731-C87E98BAD1BC}.Release|Any CPU.ActiveCfg = Release|Any CPU
		{8395D94C-45F3-41FB-8731-C87E98BAD1BC}.Release|Any CPU.Build.0 = Release|Any CPU
	EndGlobalSection
	GlobalSection(SolutionProperties) = preSolution
		HideSolutionNode = FALSE
	EndGlobalSection
	GlobalSection(ExtensibilityGlobals) = postSolution
		SolutionGuid = {41AECCCE-2133-43FA-81BD-240BB5AFE19E}
	EndGlobalSection
EndGlobal
